{
  "version": 1,
  "dependencies": {
    "net10.0": {
      "Chickensoft.AutoInject": {
        "type": "Direct",
        "requested": "[2.*, )",
        "resolved": "2.13.0",
        "contentHash": "8xW3EeLld/Bv5OcOZGU6V9SwTQumga5jF3/E274f70v7jmW5lrfS+OP6b03Iu6aGj8XPL9/vsfz9wNd3xYfA7A=="
      },
      "Chickensoft.GodotNodeInterfaces": {
        "type": "Direct",
        "requested": "[3.0.12, )",
        "resolved": "3.0.12",
        "contentHash": "GFbUTpwOrBXWIzqOg24jMFYvqZekIk9BTvKC9ipWaiGj+fukJsnve6A7CzCsoxa9xExqVYTf1zhdEnlML1VT6w==",
        "dependencies": {
          "GodotSharp": "4.6.2"
        }
      },
      "Chickensoft.LogicBlocks": {
        "type": "Direct",
        "requested": "[5.*, )",
        "resolved": "5.20.0",
        "contentHash": "BTyItr9mbUEwADQgv9Y0MSeB4VUMRWC9UptYyPaiLWwFI38Ga/RxuSilSpx48Svj5IWO4n14m/PMuMO22RpDqQ==",
        "dependencies": {
          "Chickensoft.Collections": "3.1.0",
          "Chickensoft.Introspection": "3.0.2",
          "Chickensoft.Serialization": "3.1.0"
        }
      },
      "gdUnit4.analyzers": {
        "type": "Direct",
        "requested": "[1.*, )",
        "resolved": "1.0.0",
        "contentHash": "0fn9Yuwc0fO8J2eF0wWw7f1SL4LAJDVSkBSjRMBgD7DlR8dJzNxosJK2eAgZsJJIjRO6i9XEm4kyCtCLJtqQnQ=="
      },
      "gdUnit4.api": {
        "type": "Direct",
        "requested": "[5.*, )",
        "resolved": "5.0.0",
        "contentHash": "YMGA7dSj53Bn0uFVy4YBYNqTE3T0YulzXTJsQp/9eAsErf11G/7fdkgccn2mhS0oo2TuL9E1Vhgj8lUlmfadQw==",
        "dependencies": {
          "CommandLineParser": "2.9.1",
          "GodotSharp": "4.4.0",
          "Microsoft.CodeAnalysis": "4.14.0",
          "Microsoft.CodeAnalysis.CSharp": "4.14.0",
          "Microsoft.CodeAnalysis.CSharp.Workspaces": "4.14.0",
          "Mono.Cecil": "0.11.6",
          "Moq": "4.20.72",
          "Newtonsoft.Json": "13.0.3"
        }
      },
      "gdUnit4.test.adapter": {
        "type": "Direct",
        "requested": "[3.*, )",
        "resolved": "3.0.0",
        "contentHash": "OBsPKSB8mHZQCJnV2NOhTTIu0cIrUzR/W7Q7yKbgSGhBEbD5xepwJ8ZmolP3y8jwu6lostMOtjIMtmNXwelxTQ==",
        "dependencies": {
          "CommandLineParser": "2.9.1",
          "Godot.SourceGenerators": "4.4.0",
          "GodotSharp": "4.4.0",
          "Microsoft.CodeAnalysis": "4.14.0",
          "Microsoft.CodeAnalysis.CSharp": "4.14.0",
          "Microsoft.CodeAnalysis.CSharp.Workspaces": "4.14.0",
          "Microsoft.NET.Test.Sdk": "17.14.1",
          "Microsoft.TestPlatform.AdapterUtilities": "17.14.1",
          "Microsoft.TestPlatform.ObjectModel": "17.14.1",
          "Mono.Cecil": "0.11.6",
          "Moq": "4.20.72",
          "Newtonsoft.Json": "13.0.3",
          "coverlet.collector": "6.0.4",
          "gdUnit4.api": "5.0.0"
        }
      },
      "Godot.SourceGenerators": {
        "type": "Direct",
        "requested": "[4.6.2, )",
        "resolved": "4.6.2",
        "contentHash": "CqSn9E38CqCvHARIpZXzYw/KkDKkrGjCYjRrKq3kTAIsDGOOZ/W9wiVnfbvmTpER7gbbrFKAd6WA201ELBynQw=="
      },
      "GodotSharp": {
        "type": "Direct",
        "requested": "[4.6.2, )",
        "resolved": "4.6.2",
        "contentHash": "yWYaxRtawrYOQ6TZqKovkw6IN3jNWLTjfrL+pvoGdprvGT7LOYdBCwy0OU7rSfzTn48Rr4IuyuZoSuC0Cp2JeA=="
      },
      "GodotSharpEditor": {
        "type": "Direct",
        "requested": "[4.6.2, )",
        "resolved": "4.6.2",
        "contentHash": "WbxolK7BIzSl7d8jhTQQSwZ7JEf+6RHeaZWa6aw7f/qXsN/hXzFSgQvpKxGrLo0icQlowjvF0NomnYO5owMG7w==",
        "dependencies": {
          "GodotSharp": "4.6.2"
        }
      },
      "Microsoft.NET.Test.Sdk": {
        "type": "Direct",
        "requested": "[17.*, )",
        "resolved": "17.14.1",
        "contentHash": "HJKqKOE+vshXra2aEHpi2TlxYX7Z9VFYkr+E5rwEvHC8eIXiyO+K9kNm8vmNom3e2rA56WqxU+/N9NJlLGXsJQ==",
        "dependencies": {
          "Microsoft.CodeCoverage": "17.14.1",
          "Microsoft.TestPlatform.TestHost": "17.14.1"
        }
      },
      "Newtonsoft.Json": {
        "type": "Direct",
        "requested": "[13.0.3, )",
        "resolved": "13.0.3",
        "contentHash": "HrC5BXdl00IP9zeV+0Z848QWPAoCr9P3bDEZguI+gkLcBKAOxix/tLEAAHC+UvDNPv4a2d18lOReHMOagPa+zQ=="
      },
      "Castle.Core": {
        "type": "Transitive",
        "resolved": "5.1.1",
        "contentHash": "rpYtIczkzGpf+EkZgDr9CClTdemhsrwA/W5hMoPjLkRFnXzH44zDLoovXeKtmxb1ykXK9aJVODSpiJml8CTw2g==",
        "dependencies": {
          "System.Diagnostics.EventLog": "6.0.0"
        }
      },
      "Chickensoft.Collections": {
        "type": "Transitive",
        "resolved": "3.1.0",
        "contentHash": "xWRYiRTUwWcpc4fFqzdNL7Ryd3objuG6a0ag9oqrTqls8ziSlyug7+2RZU1Ye2x7LaJ+7rN1jOkPzzGdutHvbQ=="
      },
      "Chickensoft.Introspection": {
        "type": "Transitive",
        "resolved": "3.0.2",
        "contentHash": "L+6qrE3CO0XytxONoxTw1K4HKcZsuGSTAu2sb6UrDRQFlnDWkWViIktMlbqUdVjMr10mcQ3fet+27gBdTzqTgQ==",
        "dependencies": {
          "Chickensoft.Collections": "1.12.5"
        }
      },
      "Chickensoft.Serialization": {
        "type": "Transitive",
        "resolved": "3.1.0",
        "contentHash": "i4nxF7+/Ux/dHhVFycx1s3OT9jaRYFT1gov44onaMDwzlHX6wBXtrmelAr+4QLQYl9OKPWgXRhoil5Q9Zr5owA==",
        "dependencies": {
          "Chickensoft.Collections": "1.13.15",
          "Chickensoft.Introspection": "3.0.2",
          "PolyKit": "3.0.9"
        }
      },
      "CommandLineParser": {
        "type": "Transitive",
        "resolved": "2.9.1",
        "contentHash": "OE0sl1/sQ37bjVsPKKtwQlWDgqaxWgtme3xZz7JssWUzg5JpMIyHgCTY9MVMxOg48fJ1AgGT3tgdH5m/kQ5xhA=="
      },
      "coverlet.collector": {
        "type": "Transitive",
        "resolved": "6.0.4",
        "contentHash": "lkhqpF8Pu2Y7IiN7OntbsTtdbpR1syMsm2F3IgX6ootA4ffRqWL5jF7XipHuZQTdVuWG/gVAAcf8mjk8Tz0xPg=="
      },
      "Humanizer.Core": {
        "type": "Transitive",
        "resolved": "2.14.1",
        "contentHash": "lQKvtaTDOXnoVJ20ibTuSIOf2i0uO0MPbDhd1jm238I+U/2ZnRENj0cktKZhtchBMtCUSRQ5v4xBCUbKNmyVMw=="
      },
      "Microsoft.Bcl.AsyncInterfaces": {
        "type": "Transitive",
        "resolved": "9.0.0",
        "contentHash": "owmu2Cr3IQ8yQiBleBHlGk8dSQ12oaF2e7TpzwJKEl4m84kkZJjEY1n33L67Y3zM5jPOjmmbdHjbfiL0RqcMRQ=="
      },
      "Microsoft.CodeAnalysis": {
        "type": "Transitive",
        "resolved": "4.14.0",
        "contentHash": "T6TU+xURqfdaJKibiwI77hQqqoQTK2C9FtXD25qpNI6VZjQbqsyWLiuiISxrTGWq4TbB2DUSP6VOoRJkaF/lEw==",
        "dependencies": {
          "Humanizer.Core": "2.14.1",
          "Microsoft.Bcl.AsyncInterfaces": "9.0.0",
          "Microsoft.CodeAnalysis.Analyzers": "3.11.0",
          "Microsoft.CodeAnalysis.CSharp.Workspaces": "[4.14.0]",
          "Microsoft.CodeAnalysis.VisualBasic.Workspaces": "[4.14.0]",
          "System.Composition": "9.0.0"
        }
      },
      "Microsoft.CodeAnalysis.Analyzers": {
        "type": "Transitive",
        "resolved": "3.11.0",
        "contentHash": "v/EW3UE8/lbEYHoC2Qq7AR/DnmvpgdtAMndfQNmpuIMx/Mto8L5JnuCfdBYtgvalQOtfNCnxFejxuRrryvUTsg=="
      },
      "Microsoft.CodeAnalysis.Common": {
        "type": "Transitive",
        "resolved": "4.14.0",
        "contentHash": "PC3tuwZYnC+idaPuoC/AZpEdwrtX7qFpmnrfQkgobGIWiYmGi5MCRtl5mx6QrfMGQpK78X2lfIEoZDLg/qnuHg==",
        "dependencies": {
          "Microsoft.CodeAnalysis.Analyzers": "3.11.0"
        }
      },
      "Microsoft.CodeAnalysis.CSharp": {
        "type": "Transitive",
        "resolved": "4.14.0",
        "contentHash": "568a6wcTivauIhbeWcCwfWwIn7UV7MeHEBvFB2uzGIpM2OhJ4eM/FZ8KS0yhPoNxnSpjGzz7x7CIjTxhslojQA==",
        "dependencies": {
          "Microsoft.CodeAnalysis.Analyzers": "3.11.0",
          "Microsoft.CodeAnalysis.Common": "[4.14.0]"
        }
      },
      "Microsoft.CodeAnalysis.CSharp.Workspaces": {
        "type": "Transitive",
        "resolved": "4.14.0",
        "contentHash": "QkgCEM4qJo6gdtblXtNgHqtykS61fxW+820hx5JN6n9DD4mQtqNB+6fPeJ3GQWg6jkkGz6oG9yZq7H3Gf0zwYw==",
        "dependencies": {
          "Humanizer.Core": "2.14.1",
          "Microsoft.CodeAnalysis.Analyzers": "3.11.0",
          "Microsoft.CodeAnalysis.CSharp": "[4.14.0]",
          "Microsoft.CodeAnalysis.Common": "[4.14.0]",
          "Microsoft.CodeAnalysis.Workspaces.Common": "[4.14.0]",
          "System.Composition": "9.0.0"
        }
      },
      "Microsoft.CodeAnalysis.VisualBasic": {
        "type": "Transitive",
        "resolved": "4.14.0",
        "contentHash": "AVGOptT9LlETb6BjTkK58XHi1xx7XO8KLbtpPfpwjNckoYoCgdkFz/LS1LfhE1Sq/OTqToqpBUJ48FvVhdKHeA==",
        "dependencies": {
          "Microsoft.CodeAnalysis.Analyzers": "3.11.0",
          "Microsoft.CodeAnalysis.Common": "[4.14.0]"
        }
      },
      "Microsoft.CodeAnalysis.VisualBasic.Workspaces": {
        "type": "Transitive",
        "resolved": "4.14.0",
        "contentHash": "fT9lTVerQJRTeGcN5aDcK05XccuWeAyCa+hbMUnRYg2qdwNuBwYjZRdjOICQmiWgka7MOyF9DQeXosad5s1Jpg==",
        "dependencies": {
          "Humanizer.Core": "2.14.1",
          "Microsoft.CodeAnalysis.Analyzers": "3.11.0",
          "Microsoft.CodeAnalysis.Common": "[4.14.0]",
          "Microsoft.CodeAnalysis.VisualBasic": "[4.14.0]",
          "Microsoft.CodeAnalysis.Workspaces.Common": "[4.14.0]",
          "System.Composition": "9.0.0"
        }
      },
      "Microsoft.CodeAnalysis.Workspaces.Common": {
        "type": "Transitive",
        "resolved": "4.14.0",
        "contentHash": "wNVK9JrqjqDC/WgBUFV6henDfrW87NPfo98nzah/+M/G1D6sBOPtXwqce3UQNn+6AjTnmkHYN1WV9XmTlPemTw==",
        "dependencies": {
          "Humanizer.Core": "2.14.1",
          "Microsoft.CodeAnalysis.Analyzers": "3.11.0",
          "Microsoft.CodeAnalysis.Common": "[4.14.0]",
          "System.Composition": "9.0.0"
        }
      },
      "Microsoft.CodeCoverage": {
        "type": "Transitive",
        "resolved": "17.14.1",
        "contentHash": "pmTrhfFIoplzFVbhVwUquT+77CbGH+h4/3mBpdmIlYtBi9nAB+kKI6dN3A/nV4DFi3wLLx/BlHIPK+MkbQ6Tpg=="
      },
      "Microsoft.TestPlatform.AdapterUtilities": {
        "type": "Transitive",
        "resolved": "17.14.1",
        "contentHash": "5CML8UrE+NInzR+iWUor4n9kcostFCMrBRma+tkKUAlK4JrW53p5870Aa4BLdLMz4PL7VAGpNCbhwWKxB7eaIQ=="
      },
      "Microsoft.TestPlatform.ObjectModel": {
        "type": "Transitive",
        "resolved": "17.14.1",
        "contentHash": "xTP1W6Mi6SWmuxd3a+jj9G9UoC850WGwZUps1Wah9r1ZxgXhdJfj1QqDLJkFjHDCvN42qDL2Ps5KjQYWUU0zcQ=="
      },
      "Microsoft.TestPlatform.TestHost": {
        "type": "Transitive",
        "resolved": "17.14.1",
        "contentHash": "d78LPzGKkJwsJXAQwsbJJ7LE7D1wB+rAyhHHAaODF+RDSQ0NgMjDFkSA1Djw18VrxO76GlKAjRUhl+H8NL8Z+Q==",
        "dependencies": {
          "Microsoft.TestPlatform.ObjectModel": "17.14.1",
          "Newtonsoft.Json": "13.0.3"
        }
      },
      "Mono.Cecil": {
        "type": "Transitive",
        "resolved": "0.11.6",
        "contentHash": "f33RkDtZO8VlGXCtmQIviOtxgnUdym9xx/b1p9h91CRGOsJFxCFOFK1FDbVt1OCf1aWwYejUFa2MOQyFWTFjbA=="
      },
      "Moq": {
        "type": "Transitive",
        "resolved": "4.20.72",
        "contentHash": "EA55cjyNn8eTNWrgrdZJH5QLFp2L43oxl1tlkoYUKIE9pRwL784OWiTXeCV5ApS+AMYEAlt7Fo03A2XfouvHmQ==",
        "dependencies": {
          "Castle.Core": "5.1.1"
        }
      },
      "PolyKit": {
        "type": "Transitive",
        "resolved": "3.0.9",
        "contentHash": "sB9peUPMs3q1awfl4KzemPUULDnXBIECCHrIKKGLLUpamVkEAKUA+zGn1WLvOyqSo5ZVOwYG0agSFAQqedr9Vg=="
      },
      "System.Composition": {
        "type": "Transitive",
        "resolved": "9.0.0",
        "contentHash": "3Djj70fFTraOarSKmRnmRy/zm4YurICm+kiCtI0dYRqGJnLX6nJ+G3WYuFJ173cAPax/gh96REcbNiVqcrypFQ==",
        "dependencies": {
          "System.Composition.AttributedModel": "9.0.0",
          "System.Composition.Convention": "9.0.0",
          "System.Composition.Hosting": "9.0.0",
          "System.Composition.Runtime": "9.0.0",
          "System.Composition.TypedParts": "9.0.0"
        }
      },
      "System.Composition.AttributedModel": {
        "type": "Transitive",
        "resolved": "9.0.0",
        "contentHash": "iri00l/zIX9g4lHMY+Nz0qV1n40+jFYAmgsaiNn16xvt2RDwlqByNG4wgblagnDYxm3YSQQ0jLlC/7Xlk9CzyA=="
      },
      "System.Composition.Convention": {
        "type": "Transitive",
        "resolved": "9.0.0",
        "contentHash": "+vuqVP6xpi582XIjJi6OCsIxuoTZfR0M7WWufk3uGDeCl3wGW6KnpylUJ3iiXdPByPE0vR5TjJgR6hDLez4FQg==",
        "dependencies": {
          "System.Composition.AttributedModel": "9.0.0"
        }
      },
      "System.Composition.Hosting": {
        "type": "Transitive",
        "resolved": "9.0.0",
        "contentHash": "OFqSeFeJYr7kHxDfaViGM1ymk7d4JxK//VSoNF9Ux0gpqkLsauDZpu89kTHHNdCWfSljbFcvAafGyBoY094btQ==",
        "dependencies": {
          "System.Composition.Runtime": "9.0.0"
        }
      },
      "System.Composition.Runtime": {
        "type": "Transitive",
        "resolved": "9.0.0",
        "contentHash": "w1HOlQY1zsOWYussjFGZCEYF2UZXgvoYnS94NIu2CBnAGMbXFAX8PY8c92KwUItPmowal68jnVLBCzdrWLeEKA=="
      },
      "System.Composition.TypedParts": {
        "type": "Transitive",
        "resolved": "9.0.0",
        "contentHash": "aRZlojCCGEHDKqh43jaDgaVpYETsgd7Nx4g1zwLKMtv4iTo0627715ajEFNpEEBTgLmvZuv8K0EVxc3sM4NWJA==",
        "dependencies": {
          "System.Composition.AttributedModel": "9.0.0",
          "System.Composition.Hosting": "9.0.0",
          "System.Composition.Runtime": "9.0.0"
        }
      },
      "System.Diagnostics.EventLog": {
        "type": "Transitive",
        "resolved": "6.0.0",
        "contentHash": "lcyUiXTsETK2ALsZrX+nWuHSIQeazhqPphLfaRxzdGaG93+0kELqpgEHtwWOlQe7+jSFnKwaCAgL4kjeZCQJnw=="
      }
    }
  }
}