Microsoft Visual Studio Solution File, Format Version 12.00
# Visual Studio 2012
Project("{FAE04EC0-301F-11D3-BF4B-00C04F79EFBC}") = "SettlersX", "SettlersX.csproj", "{A61C1A8B-B742-4679-A986-8B2304966CFC}"
EndProject
Global
	GlobalSection(SolutionConfigurationPlatforms) = preSolution
	Debug|Any CPU = Debug|Any CPU
	ExportDebug|Any CPU = ExportDebug|Any CPU
	ExportRelease|Any CPU = ExportRelease|Any CPU
	EndGlobalSection
	GlobalSection(ProjectConfigurationPlatforms) = postSolution
		{A61C1A8B-B742-4679-A986-8B2304966CFC}.Debug|Any CPU.ActiveCfg = Debug|Any CPU
		{A61C1A8B-B742-4679-A986-8B2304966CFC}.Debug|Any CPU.Build.0 = Debug|Any CPU
		{A61C1A8B-B742-4679-A986-8B2304966CFC}.ExportDebug|Any CPU.ActiveCfg = ExportDebug|Any CPU
		{A61C1A8B-B742-4679-A986-8B2304966CFC}.ExportDebug|Any CPU.Build.0 = ExportDebug|Any CPU
		{A61C1A8B-B742-4679-A986-8B2304966CFC}.ExportRelease|Any CPU.ActiveCfg = ExportRelease|Any CPU
		{A61C1A8B-B742-4679-A986-8B2304966CFC}.ExportRelease|Any CPU.Build.0 = ExportRelease|Any CPU
	EndGlobalSection
EndGlobal
